{
  "name": "template-20",
  "lockfileVersion": 2,
  "requires": true,
  "packages": {
    "": {
      "dependencies": {
        "@fancyapps/ui": "^4.0.11"
      }
    },
    "node_modules/@fancyapps/ui": {
      "version": "4.0.11",
      "resolved": "https://registry.npmjs.org/@fancyapps/ui/-/ui-4.0.11.tgz",
      "integrity": "sha512-/FWdARBqycdNvKeYM52z19gW4OiufnNOseesKDFAH1rCPD12DRAWiO5yBBtf2o6nmHO3nJgrqNWWc48Whc6DXw=="
    }
  },
  "dependencies": {
    "@fancyapps/ui": {
      "version": "4.0.11",
      "resolved": "https://registry.npmjs.org/@fancyapps/ui/-/ui-4.0.11.tgz",
      "integrity": "sha512-/FWdARBqycdNvKeYM52z19gW4OiufnNOseesKDFAH1rCPD12DRAWiO5yBBtf2o6nmHO3nJgrqNWWc48Whc6DXw=="
    }
  }
}
